
Microsoft Visual Studio Solution File, Format Version 12.00
# Visual Studio Version 17
VisualStudioVersion = 17.7.34221.43
MinimumVisualStudioVersion = 10.0.40219.1
Project("{2150E333-8FDC-42A3-9474-1A3956D46DE8}") = "src", "src", "{128951CD-7197-486D-BE06-1D784F9C87FE}"
EndProject
Project("{2150E333-8FDC-42A3-9474-1A3956D46DE8}") = "Services", "Services", "{508B4654-90CB-456A-9BBC-456B60E47960}"
EndProject
Global
	GlobalSection(SolutionProperties) = preSolution
		HideSolutionNode = FALSE
	EndGlobalSection
	GlobalSection(NestedProjects) = preSolution
		{508B4654-90CB-456A-9BBC-456B60E47960} = {128951CD-7197-486D-BE06-1D784F9C87FE}
	EndGlobalSection
	GlobalSection(ExtensibilityGlobals) = postSolution
		SolutionGuid = {DAE7C50D-1C9B-4111-AB2B-241BDA1ABC34}
	EndGlobalSection
EndGlobal
